<Solution>
  <Folder Name="/Core/">
    <Project Path="Core/Application/Application.csproj" />
    <Project Path="Core/Domain/Domain.csproj" />
  </Folder>
  <Folder Name="/Infrastructure/">
    <Project Path="Infrastructure/Infrastructure.Media/Infrastructure.Media.csproj" />
    <Project Path="Infrastructure/Infrastructure.Player/Infrastructure.Player.csproj" />
  </Folder>
  <Folder Name="/Presentation/">
    <Project Path="Presentation/Presentation.Console/Presentation.Console.csproj" />
    <Project Path="Presentation/Presentation.Wpf/Presentation.Wpf.csproj" />
  </Folder>
</Solution>
