<Solution>
  <Folder Name="/Core/">
    <Project Path="src/TorrentIsland.Application/TorrentIsland.Application.csproj" />
    <Project Path="src/TorrentIsland.Domain/TorrentIsland.Domain.csproj" />
  </Folder>
  <Folder Name="/Infrastructure/">
    <Project Path="src/TorrentIsland.Infrastructure/TorrentIsland.Infrastructure.csproj" />
  </Folder>
  <Folder Name="/Presentation/">
    <Project Path="src/TorrentIsland.Presentation.Console/TorrentIsland.Presentation.Console.csproj" />
    <Project Path="src/TorrentIsland.Presentation.Wpf/TorrentIsland.Presentation.Wpf.csproj" />
    <Project Path="src/TorrentIsland.Presentation.Player/TorrentIsland.Presentation.Player.csproj" />
  </Folder>
  <Folder Name="/Tests/">
    <Project Path="TorrentIsland.Application.Tests/TorrentIsland.Application.Tests.csproj" Id="e899dc66-7ce3-4f66-9b3c-526c7d01f6dc" />
  </Folder>
</Solution>
